
Microsoft Visual Studio Solution File, Format Version 12.00
# Visual Studio Version 17
VisualStudioVersion = 17.11.35222.181
MinimumVisualStudioVersion = 10.0.40219.1
Project("{FAE04EC0-301F-11D3-BF4B-00C04F79EFBC}") = "kap3,3.2", "kap3,3.2\kap3,3.2.csproj", "{6428171B-A35F-44FD-B425-AA3485DCA91E}"
EndProject
Global
	GlobalSection(SolutionConfigurationPlatforms) = preSolution
		Debug|Any CPU = Debug|Any CPU
		Release|Any CPU = Release|Any CPU
	EndGlobalSection
	GlobalSection(ProjectConfigurationPlatforms) = postSolution
		{6428171B-A35F-44FD-B425-AA3485DCA91E}.Debug|Any CPU.ActiveCfg = Debug|Any CPU
		{6428171B-A35F-44FD-B425-AA3485DCA91E}.Debug|Any CPU.Build.0 = Debug|Any CPU
		{6428171B-A35F-44FD-B425-AA3485DCA91E}.Release|Any CPU.ActiveCfg = Release|Any CPU
		{6428171B-A35F-44FD-B425-AA3485DCA91E}.Release|Any CPU.Build.0 = Release|Any CPU
	EndGlobalSection
	GlobalSection(SolutionProperties) = preSolution
		HideSolutionNode = FALSE
	EndGlobalSection
	GlobalSection(ExtensibilityGlobals) = postSolution
		SolutionGuid = {289ECCF3-CE7B-4ACB-B181-0C87C56A3E13}
	EndGlobalSection
EndGlobal
